
Microsoft Visual Studio Solution File, Format Version 12.00
# Visual Studio Version 17
VisualStudioVersion = 17.8.34330.188
MinimumVisualStudioVersion = 10.0.40219.1
Project("{FAE04EC0-301F-11D3-BF4B-00C04F79EFBC}") = "Turret", "Turret.csproj", "{B8503D52-25CA-41AC-94DC-28C77EC58F88}"
EndProject
Global
	GlobalSection(SolutionConfigurationPlatforms) = preSolution
		Debug|Any CPU = Debug|Any CPU
		Release|Any CPU = Release|Any CPU
	EndGlobalSection
	GlobalSection(ProjectConfigurationPlatforms) = postSolution
		{B8503D52-25CA-41AC-94DC-28C77EC58F88}.Debug|Any CPU.ActiveCfg = Debug|Any CPU
		{B8503D52-25CA-41AC-94DC-28C77EC58F88}.Debug|Any CPU.Build.0 = Debug|Any CPU
		{B8503D52-25CA-41AC-94DC-28C77EC58F88}.Release|Any CPU.ActiveCfg = Release|Any CPU
		{B8503D52-25CA-41AC-94DC-28C77EC58F88}.Release|Any CPU.Build.0 = Release|Any CPU
	EndGlobalSection
	GlobalSection(SolutionProperties) = preSolution
		HideSolutionNode = FALSE
	EndGlobalSection
	GlobalSection(ExtensibilityGlobals) = postSolution
		SolutionGuid = {1903ADD0-F240-445E-AD26-F2B246BB7D4A}
	EndGlobalSection
EndGlobal
